<?xml version="1.0" encoding="utf-8"?>
<Project ToolsVersion="4.0" xmlns="http://schemas.microsoft.com/developer/msbuild/2003">
  <ItemGroup>
    <Filter Include="Source Files">
      <UniqueIdentifier>{4FC737F1-C7A5-4376-A066-2A32D752A2FF}</UniqueIdentifier>
      <Extensions>cpp;c;cc;cxx;c++;cppm;ixx;def;odl;idl;hpj;bat;asm;asmx</Extensions>
    </Filter>
    <Filter Include="Header Files">
      <UniqueIdentifier>{93995380-89BD-4b04-88EB-625FBE52EBFB}</UniqueIdentifier>
      <Extensions>h;hh;hpp;hxx;h++;hm;inl;inc;ipp;xsd</Extensions>
    </Filter>
    <Filter Include="Resource Files">
      <UniqueIdentifier>{67DA6AB6-F800-4c08-8B7A-83BB121AAD01}</UniqueIdentifier>
      <Extensions>rc;ico;cur;bmp;dlg;rc2;rct;bin;rgs;gif;jpg;jpeg;jpe;resx;tiff;tif;png;wav;mfcribbon-ms</Extensions>
    </Filter>
  </ItemGroup>
  <ItemGroup>
    <ClCompile Include="vipss\src\orient_normal.cpp">
      <Filter>Source Files</Filter>
    </ClCompile>
    <ClCompile Include="vipss\src\predicates.cxx">
      <Filter>Source Files</Filter>
    </ClCompile>
    <ClCompile Include="vipss\src\rbf_api.cpp">
      <Filter>Source Files</Filter>
    </ClCompile>
    <ClCompile Include="vipss\src\rbf_Hermite.cpp">
      <Filter>Source Files</Filter>
    </ClCompile>
    <ClCompile Include="vipss\src\rbf_interface.cpp">
      <Filter>Source Files</Filter>
    </ClCompile>
    <ClCompile Include="vipss\src\rbfcore.cpp">
      <Filter>Source Files</Filter>
    </ClCompile>
    <ClCompile Include="vipss\src\readers.cpp">
      <Filter>Source Files</Filter>
    </ClCompile>
    <ClCompile Include="vipss\src\Solver.cpp">
      <Filter>Source Files</Filter>
    </ClCompile>
    <ClCompile Include="vipss\src\tetgen.cxx">
      <Filter>Source Files</Filter>
    </ClCompile>
    <ClCompile Include="vipss\src\voronoi_gen.cpp">
      <Filter>Source Files</Filter>
    </ClCompile>
    <ClCompile Include="vipss\main.cpp">
      <Filter>Source Files</Filter>
    </ClCompile>
    <ClCompile Include="vipss\src\surfacer\ImplicitedSurfacing.cpp">
      <Filter>Source Files</Filter>
    </ClCompile>
    <ClCompile Include="vipss\src\surfacer\polygonizer.cpp">
      <Filter>Source Files</Filter>
    </ClCompile>
    <ClCompile Include="vipss\src\local_vipss.cpp">
      <Filter>Source Files</Filter>
    </ClCompile>
    <ClCompile Include="vipss\src\pt_cluster.cpp">
      <Filter>Source Files</Filter>
    </ClCompile>
    <ClCompile Include="vipss\src\pt_vipss.cpp">
      <Filter>Source Files</Filter>
    </ClCompile>
  </ItemGroup>
  <ItemGroup>
    <ClInclude Include="vipss\src\orient_normal.h">
      <Filter>Header Files</Filter>
    </ClInclude>
    <ClInclude Include="vipss\src\rbf_api.h">
      <Filter>Header Files</Filter>
    </ClInclude>
    <ClInclude Include="vipss\src\rbfcore.h">
      <Filter>Header Files</Filter>
    </ClInclude>
    <ClInclude Include="vipss\src\readers.h">
      <Filter>Header Files</Filter>
    </ClInclude>
    <ClInclude Include="vipss\src\Solver.h">
      <Filter>Header Files</Filter>
    </ClInclude>
    <ClInclude Include="vipss\src\tetgen.h">
      <Filter>Header Files</Filter>
    </ClInclude>
    <ClInclude Include="vipss\src\utility.h">
      <Filter>Header Files</Filter>
    </ClInclude>
    <ClInclude Include="vipss\src\voronoi_gen.h">
      <Filter>Header Files</Filter>
    </ClInclude>
    <ClInclude Include="vipss\src\surfacer\ImplicitedSurfacing.h">
      <Filter>Header Files</Filter>
    </ClInclude>
    <ClInclude Include="vipss\src\surfacer\Polygonizer.h">
      <Filter>Header Files</Filter>
    </ClInclude>
    <ClInclude Include="vipss\src\surfacer\WINSystemDefines.H">
      <Filter>Header Files</Filter>
    </ClInclude>
    <ClInclude Include="vipss\src\local_vipss.hpp">
      <Filter>Header Files</Filter>
    </ClInclude>
    <ClInclude Include="vipss\src\pt_cluster.h">
      <Filter>Header Files</Filter>
    </ClInclude>
    <ClInclude Include="vipss\src\pt_vipss.h">
      <Filter>Header Files</Filter>
    </ClInclude>
  </ItemGroup>
</Project>